// !$*UTF8*$!
{
	archiveVersion = 1;
	classes = {
	};
	objectVersion = 46;
	objects = {

/* Begin PBXBuildFile section */
		38FFF6D5E14D8897F1D2878A /* Pods_RxWunderCast.framework in Frameworks */ = {isa = PBXBuildFile; fileRef = 227CC09C5631EDAE41425D45 /* Pods_RxWunderCast.framework */; };
		4999AF781EA28CC000DC0E27 /* AppDelegate.swift in Sources */ = {isa = PBXBuildFile; fileRef = 4999AF771EA28CC000DC0E27 /* AppDelegate.swift */; };
		4999AF7A1EA28CC000DC0E27 /* ViewController.swift in Sources */ = {isa = PBXBuildFile; fileRef = 4999AF791EA28CC000DC0E27 /* ViewController.swift */; };
		4999AF7D1EA28CC000DC0E27 /* Main.storyboard in Resources */ = {isa = PBXBuildFile; fileRef = 4999AF7B1EA28CC000DC0E27 /* Main.storyboard */; };
		4999AF7F1EA28CC000DC0E27 /* Assets.xcassets in Resources */ = {isa = PBXBuildFile; fileRef = 4999AF7E1EA28CC000DC0E27 /* Assets.xcassets */; };
		4999AF821EA28CC000DC0E27 /* LaunchScreen.storyboard in Resources */ = {isa = PBXBuildFile; fileRef = 4999AF801EA28CC000DC0E27 /* LaunchScreen.storyboard */; };
		4999AF8D1EA28CC000DC0E27 /* RxWunderCastTests.swift in Sources */ = {isa = PBXBuildFile; fileRef = 4999AF8C1EA28CC000DC0E27 /* RxWunderCastTests.swift */; };
		4999AF9C1EA2913000DC0E27 /* weather.ttf in Resources */ = {isa = PBXBuildFile; fileRef = 4999AF9A1EA2913000DC0E27 /* weather.ttf */; };
		4999AF9D1EA2913000DC0E27 /* LICENSE in Resources */ = {isa = PBXBuildFile; fileRef = 4999AF9B1EA2913000DC0E27 /* LICENSE */; };
		4999AF9F1EA2916A00DC0E27 /* ApiController.swift in Sources */ = {isa = PBXBuildFile; fileRef = 4999AF9E1EA2916A00DC0E27 /* ApiController.swift */; };
		4999AFA11EA2918900DC0E27 /* Appearance.swift in Sources */ = {isa = PBXBuildFile; fileRef = 4999AFA01EA2918900DC0E27 /* Appearance.swift */; };
		4999AFA31EA2919A00DC0E27 /* Colors.swift in Sources */ = {isa = PBXBuildFile; fileRef = 4999AFA21EA2919A00DC0E27 /* Colors.swift */; };
		4999AFA51EA2AB9100DC0E27 /* Constant.swift in Sources */ = {isa = PBXBuildFile; fileRef = 4999AFA41EA2AB9100DC0E27 /* Constant.swift */; };
		90A66B6ED4C0FB71DA3D163B /* Pods_RxWunderCastTests.framework in Frameworks */ = {isa = PBXBuildFile; fileRef = AAE488763E2A190A7ACE90D3 /* Pods_RxWunderCastTests.framework */; };
/* End PBXBuildFile section */

/* Begin PBXContainerItemProxy section */
		4999AF891EA28CC000DC0E27 /* PBXContainerItemProxy */ = {
			isa = PBXContainerItemProxy;
			containerPortal = 4999AF6C1EA28CC000DC0E27 /* Project object */;
			proxyType = 1;
			remoteGlobalIDString = 4999AF731EA28CC000DC0E27;
			remoteInfo = RxWunderCast;
		};
/* End PBXContainerItemProxy section */

/* Begin PBXFileReference section */
		227CC09C5631EDAE41425D45 /* Pods_RxWunderCast.framework */ = {isa = PBXFileReference; explicitFileType = wrapper.framework; includeInIndex = 0; path = Pods_RxWunderCast.framework; sourceTree = BUILT_PRODUCTS_DIR; };
		2E9FC8345AF73AB52A557684 /* Pods-RxWunderCast.debug.xcconfig */ = {isa = PBXFileReference; includeInIndex = 1; lastKnownFileType = text.xcconfig; name = "Pods-RxWunderCast.debug.xcconfig"; path = "Pods/Target Support Files/Pods-RxWunderCast/Pods-RxWunderCast.debug.xcconfig"; sourceTree = "<group>"; };
		3128A819AD8677814605DA6A /* Pods-RxWunderCast.release.xcconfig */ = {isa = PBXFileReference; includeInIndex = 1; lastKnownFileType = text.xcconfig; name = "Pods-RxWunderCast.release.xcconfig"; path = "Pods/Target Support Files/Pods-RxWunderCast/Pods-RxWunderCast.release.xcconfig"; sourceTree = "<group>"; };
		4999AF741EA28CC000DC0E27 /* RxWunderCast.app */ = {isa = PBXFileReference; explicitFileType = wrapper.application; includeInIndex = 0; path = RxWunderCast.app; sourceTree = BUILT_PRODUCTS_DIR; };
		4999AF771EA28CC000DC0E27 /* AppDelegate.swift */ = {isa = PBXFileReference; lastKnownFileType = sourcecode.swift; path = AppDelegate.swift; sourceTree = "<group>"; };
		4999AF791EA28CC000DC0E27 /* ViewController.swift */ = {isa = PBXFileReference; lastKnownFileType = sourcecode.swift; path = ViewController.swift; sourceTree = "<group>"; };
		4999AF7C1EA28CC000DC0E27 /* Base */ = {isa = PBXFileReference; lastKnownFileType = file.storyboard; name = Base; path = Base.lproj/Main.storyboard; sourceTree = "<group>"; };
		4999AF7E1EA28CC000DC0E27 /* Assets.xcassets */ = {isa = PBXFileReference; lastKnownFileType = folder.assetcatalog; path = Assets.xcassets; sourceTree = "<group>"; };
		4999AF811EA28CC000DC0E27 /* Base */ = {isa = PBXFileReference; lastKnownFileType = file.storyboard; name = Base; path = Base.lproj/LaunchScreen.storyboard; sourceTree = "<group>"; };
		4999AF831EA28CC000DC0E27 /* Info.plist */ = {isa = PBXFileReference; lastKnownFileType = text.plist.xml; path = Info.plist; sourceTree = "<group>"; };
		4999AF881EA28CC000DC0E27 /* RxWunderCastTests.xctest */ = {isa = PBXFileReference; explicitFileType = wrapper.cfbundle; includeInIndex = 0; path = RxWunderCastTests.xctest; sourceTree = BUILT_PRODUCTS_DIR; };
		4999AF8C1EA28CC000DC0E27 /* RxWunderCastTests.swift */ = {isa = PBXFileReference; lastKnownFileType = sourcecode.swift; path = RxWunderCastTests.swift; sourceTree = "<group>"; };
		4999AF8E1EA28CC000DC0E27 /* Info.plist */ = {isa = PBXFileReference; lastKnownFileType = text.plist.xml; path = Info.plist; sourceTree = "<group>"; };
		4999AF9A1EA2913000DC0E27 /* weather.ttf */ = {isa = PBXFileReference; lastKnownFileType = file; name = weather.ttf; path = "../../../../SwiftBooks/RxSwift/RxSwift_v1.0/12-beginning-rxcocoa/starter/Wundercast/Assets/weather.ttf"; sourceTree = "<group>"; };
		4999AF9B1EA2913000DC0E27 /* LICENSE */ = {isa = PBXFileReference; fileEncoding = 4; lastKnownFileType = text; name = LICENSE; path = "../../../../SwiftBooks/RxSwift/RxSwift_v1.0/12-beginning-rxcocoa/starter/Wundercast/Assets/LICENSE"; sourceTree = "<group>"; };
		4999AF9E1EA2916A00DC0E27 /* ApiController.swift */ = {isa = PBXFileReference; fileEncoding = 4; lastKnownFileType = sourcecode.swift; path = ApiController.swift; sourceTree = "<group>"; };
		4999AFA01EA2918900DC0E27 /* Appearance.swift */ = {isa = PBXFileReference; fileEncoding = 4; lastKnownFileType = sourcecode.swift; path = Appearance.swift; sourceTree = "<group>"; };
		4999AFA21EA2919A00DC0E27 /* Colors.swift */ = {isa = PBXFileReference; fileEncoding = 4; lastKnownFileType = sourcecode.swift; path = Colors.swift; sourceTree = "<group>"; };
		4999AFA41EA2AB9100DC0E27 /* Constant.swift */ = {isa = PBXFileReference; fileEncoding = 4; lastKnownFileType = sourcecode.swift; path = Constant.swift; sourceTree = "<group>"; };
		65FE91984DC8DCC90646E7DC /* Pods-RxWunderCastTests.debug.xcconfig */ = {isa = PBXFileReference; includeInIndex = 1; lastKnownFileType = text.xcconfig; name = "Pods-RxWunderCastTests.debug.xcconfig"; path = "Pods/Target Support Files/Pods-RxWunderCastTests/Pods-RxWunderCastTests.debug.xcconfig"; sourceTree = "<group>"; };
		7F19C8ED6A36636CC8FDD589 /* Pods-RxWunderCastTests.release.xcconfig */ = {isa = PBXFileReference; includeInIndex = 1; lastKnownFileType = text.xcconfig; name = "Pods-RxWunderCastTests.release.xcconfig"; path = "Pods/Target Support Files/Pods-RxWunderCastTests/Pods-RxWunderCastTests.release.xcconfig"; sourceTree = "<group>"; };
		AAE488763E2A190A7ACE90D3 /* Pods_RxWunderCastTests.framework */ = {isa = PBXFileReference; explicitFileType = wrapper.framework; includeInIndex = 0; path = Pods_RxWunderCastTests.framework; sourceTree = BUILT_PRODUCTS_DIR; };
/* End PBXFileReference section */

/* Begin PBXFrameworksBuildPhase section */
		4999AF711EA28CC000DC0E27 /* Frameworks */ = {
			isa = PBXFrameworksBuildPhase;
			buildActionMask = 2147483647;
			files = (
				38FFF6D5E14D8897F1D2878A /* Pods_RxWunderCast.framework in Frameworks */,
			);
			runOnlyForDeploymentPostprocessing = 0;
		};
		4999AF851EA28CC000DC0E27 /* Frameworks */ = {
			isa = PBXFrameworksBuildPhase;
			buildActionMask = 2147483647;
			files = (
				90A66B6ED4C0FB71DA3D163B /* Pods_RxWunderCastTests.framework in Frameworks */,
			);
			runOnlyForDeploymentPostprocessing = 0;
		};
/* End PBXFrameworksBuildPhase section */

/* Begin PBXGroup section */
		4999AF6B1EA28CC000DC0E27 = {
			isa = PBXGroup;
			children = (
				4999AF761EA28CC000DC0E27 /* RxWunderCast */,
				4999AF8B1EA28CC000DC0E27 /* RxWunderCastTests */,
				4999AF751EA28CC000DC0E27 /* Products */,
				68B1F8E7D0DD85B1EDA5720D /* Pods */,
				79AD0FEA69803C1579F4A6C4 /* Frameworks */,
			);
			sourceTree = "<group>";
		};
		4999AF751EA28CC000DC0E27 /* Products */ = {
			isa = PBXGroup;
			children = (
				4999AF741EA28CC000DC0E27 /* RxWunderCast.app */,
				4999AF881EA28CC000DC0E27 /* RxWunderCastTests.xctest */,
			);
			name = Products;
			sourceTree = "<group>";
		};
		4999AF761EA28CC000DC0E27 /* RxWunderCast */ = {
			isa = PBXGroup;
			children = (
				4999AF991EA2910900DC0E27 /* Utils */,
				4999AF981EA2910300DC0E27 /* Assets */,
				4999AF971EA290FB00DC0E27 /* Controller */,
				4999AF771EA28CC000DC0E27 /* AppDelegate.swift */,
				4999AF791EA28CC000DC0E27 /* ViewController.swift */,
				4999AF7B1EA28CC000DC0E27 /* Main.storyboard */,
				4999AF7E1EA28CC000DC0E27 /* Assets.xcassets */,
				4999AF801EA28CC000DC0E27 /* LaunchScreen.storyboard */,
				4999AF831EA28CC000DC0E27 /* Info.plist */,
			);
			path = RxWunderCast;
			sourceTree = "<group>";
		};
		4999AF8B1EA28CC000DC0E27 /* RxWunderCastTests */ = {
			isa = PBXGroup;
			children = (
				4999AF8C1EA28CC000DC0E27 /* RxWunderCastTests.swift */,
				4999AF8E1EA28CC000DC0E27 /* Info.plist */,
			);
			path = RxWunderCastTests;
			sourceTree = "<group>";
		};
		4999AF971EA290FB00DC0E27 /* Controller */ = {
			isa = PBXGroup;
			children = (
				4999AF9E1EA2916A00DC0E27 /* ApiController.swift */,
				4999AFA41EA2AB9100DC0E27 /* Constant.swift */,
			);
			name = Controller;
			sourceTree = "<group>";
		};
		4999AF981EA2910300DC0E27 /* Assets */ = {
			isa = PBXGroup;
			children = (
				4999AF9A1EA2913000DC0E27 /* weather.ttf */,
				4999AF9B1EA2913000DC0E27 /* LICENSE */,
			);
			name = Assets;
			sourceTree = "<group>";
		};
		4999AF991EA2910900DC0E27 /* Utils */ = {
			isa = PBXGroup;
			children = (
				4999AFA01EA2918900DC0E27 /* Appearance.swift */,
				4999AFA21EA2919A00DC0E27 /* Colors.swift */,
			);
			name = Utils;
			sourceTree = "<group>";
		};
		68B1F8E7D0DD85B1EDA5720D /* Pods */ = {
			isa = PBXGroup;
			children = (
				2E9FC8345AF73AB52A557684 /* Pods-RxWunderCast.debug.xcconfig */,
				3128A819AD8677814605DA6A /* Pods-RxWunderCast.release.xcconfig */,
				65FE91984DC8DCC90646E7DC /* Pods-RxWunderCastTests.debug.xcconfig */,
				7F19C8ED6A36636CC8FDD589 /* Pods-RxWunderCastTests.release.xcconfig */,
			);
			name = Pods;
			sourceTree = "<group>";
		};
		79AD0FEA69803C1579F4A6C4 /* Frameworks */ = {
			isa = PBXGroup;
			children = (
				227CC09C5631EDAE41425D45 /* Pods_RxWunderCast.framework */,
				AAE488763E2A190A7ACE90D3 /* Pods_RxWunderCastTests.framework */,
			);
			name = Frameworks;
			sourceTree = "<group>";
		};
/* End PBXGroup section */

/* Begin PBXNativeTarget section */
		4999AF731EA28CC000DC0E27 /* RxWunderCast */ = {
			isa = PBXNativeTarget;
			buildConfigurationList = 4999AF911EA28CC000DC0E27 /* Build configuration list for PBXNativeTarget "RxWunderCast" */;
			buildPhases = (
				EE494B3099BE7B1F22AA8B05 /* [CP] Check Pods Manifest.lock */,
				4999AF701EA28CC000DC0E27 /* Sources */,
				4999AF711EA28CC000DC0E27 /* Frameworks */,
				4999AF721EA28CC000DC0E27 /* Resources */,
				CCD0D6F27E4E5F143049A476 /* [CP] Embed Pods Frameworks */,
				91FBA49FE7016EE53A663DEE /* [CP] Copy Pods Resources */,
			);
			buildRules = (
			);
			dependencies = (
			);
			name = RxWunderCast;
			productName = RxWunderCast;
			productReference = 4999AF741EA28CC000DC0E27 /* RxWunderCast.app */;
			productType = "com.apple.product-type.application";
		};
		4999AF871EA28CC000DC0E27 /* RxWunderCastTests */ = {
			isa = PBXNativeTarget;
			buildConfigurationList = 4999AF941EA28CC000DC0E27 /* Build configuration list for PBXNativeTarget "RxWunderCastTests" */;
			buildPhases = (
				77AE93DFBFFDC29F8D342A75 /* [CP] Check Pods Manifest.lock */,
				4999AF841EA28CC000DC0E27 /* Sources */,
				4999AF851EA28CC000DC0E27 /* Frameworks */,
				4999AF861EA28CC000DC0E27 /* Resources */,
				E19F7661678AE6F0ADC26CD4 /* [CP] Embed Pods Frameworks */,
				695C288337A912BE6391015F /* [CP] Copy Pods Resources */,
			);
			buildRules = (
			);
			dependencies = (
				4999AF8A1EA28CC000DC0E27 /* PBXTargetDependency */,
			);
			name = RxWunderCastTests;
			productName = RxWunderCastTests;
			productReference = 4999AF881EA28CC000DC0E27 /* RxWunderCastTests.xctest */;
			productType = "com.apple.product-type.bundle.unit-test";
		};
/* End PBXNativeTarget section */

/* Begin PBXProject section */
		4999AF6C1EA28CC000DC0E27 /* Project object */ = {
			isa = PBXProject;
			attributes = {
				LastSwiftUpdateCheck = 0830;
				LastUpgradeCheck = 0830;
				ORGANIZATIONNAME = "Jean-Marc Kampol Mieville";
				TargetAttributes = {
					4999AF731EA28CC000DC0E27 = {
						CreatedOnToolsVersion = 8.3.1;
						DevelopmentTeam = 8GL695U4E9;
						ProvisioningStyle = Automatic;
					};
					4999AF871EA28CC000DC0E27 = {
						CreatedOnToolsVersion = 8.3.1;
						DevelopmentTeam = 8GL695U4E9;
						ProvisioningStyle = Automatic;
						TestTargetID = 4999AF731EA28CC000DC0E27;
					};
				};
			};
			buildConfigurationList = 4999AF6F1EA28CC000DC0E27 /* Build configuration list for PBXProject "RxWunderCast" */;
			compatibilityVersion = "Xcode 3.2";
			developmentRegion = English;
			hasScannedForEncodings = 0;
			knownRegions = (
				en,
				Base,
			);
			mainGroup = 4999AF6B1EA28CC000DC0E27;
			productRefGroup = 4999AF751EA28CC000DC0E27 /* Products */;
			projectDirPath = "";
			projectRoot = "";
			targets = (
				4999AF731EA28CC000DC0E27 /* RxWunderCast */,
				4999AF871EA28CC000DC0E27 /* RxWunderCastTests */,
			);
		};
/* End PBXProject section */

/* Begin PBXResourcesBuildPhase section */
		4999AF721EA28CC000DC0E27 /* Resources */ = {
			isa = PBXResourcesBuildPhase;
			buildActionMask = 2147483647;
			files = (
				4999AF821EA28CC000DC0E27 /* LaunchScreen.storyboard in Resources */,
				4999AF7F1EA28CC000DC0E27 /* Assets.xcassets in Resources */,
				4999AF7D1EA28CC000DC0E27 /* Main.storyboard in Resources */,
				4999AF9C1EA2913000DC0E27 /* weather.ttf in Resources */,
				4999AF9D1EA2913000DC0E27 /* LICENSE in Resources */,
			);
			runOnlyForDeploymentPostprocessing = 0;
		};
		4999AF861EA28CC000DC0E27 /* Resources */ = {
			isa = PBXResourcesBuildPhase;
			buildActionMask = 2147483647;
			files = (
			);
			runOnlyForDeploymentPostprocessing = 0;
		};
/* End PBXResourcesBuildPhase section */

/* Begin PBXShellScriptBuildPhase section */
		695C288337A912BE6391015F /* [CP] Copy Pods Resources */ = {
			isa = PBXShellScriptBuildPhase;
			buildActionMask = 2147483647;
			files = (
			);
			inputPaths = (
			);
			name = "[CP] Copy Pods Resources";
			outputPaths = (
			);
			runOnlyForDeploymentPostprocessing = 0;
			shellPath = /bin/sh;
			shellScript = "\"${SRCROOT}/Pods/Target Support Files/Pods-RxWunderCastTests/Pods-RxWunderCastTests-resources.sh\"\n";
			showEnvVarsInLog = 0;
		};
		77AE93DFBFFDC29F8D342A75 /* [CP] Check Pods Manifest.lock */ = {
			isa = PBXShellScriptBuildPhase;
			buildActionMask = 2147483647;
			files = (
			);
			inputPaths = (
			);
			name = "[CP] Check Pods Manifest.lock";
			outputPaths = (
			);
			runOnlyForDeploymentPostprocessing = 0;
			shellPath = /bin/sh;
			shellScript = "diff \"${PODS_PODFILE_DIR_PATH}/Podfile.lock\" \"${PODS_ROOT}/Manifest.lock\" > /dev/null\nif [ $? != 0 ] ; then\n    # print error to STDERR\n    echo \"error: The sandbox is not in sync with the Podfile.lock. Run 'pod install' or update your CocoaPods installation.\" >&2\n    exit 1\nfi\n";
			showEnvVarsInLog = 0;
		};
		91FBA49FE7016EE53A663DEE /* [CP] Copy Pods Resources */ = {
			isa = PBXShellScriptBuildPhase;
			buildActionMask = 2147483647;
			files = (
			);
			inputPaths = (
			);
			name = "[CP] Copy Pods Resources";
			outputPaths = (
			);
			runOnlyForDeploymentPostprocessing = 0;
			shellPath = /bin/sh;
			shellScript = "\"${SRCROOT}/Pods/Target Support Files/Pods-RxWunderCast/Pods-RxWunderCast-resources.sh\"\n";
			showEnvVarsInLog = 0;
		};
		CCD0D6F27E4E5F143049A476 /* [CP] Embed Pods Frameworks */ = {
			isa = PBXShellScriptBuildPhase;
			buildActionMask = 2147483647;
			files = (
			);
			inputPaths = (
			);
			name = "[CP] Embed Pods Frameworks";
			outputPaths = (
			);
			runOnlyForDeploymentPostprocessing = 0;
			shellPath = /bin/sh;
			shellScript = "\"${SRCROOT}/Pods/Target Support Files/Pods-RxWunderCast/Pods-RxWunderCast-frameworks.sh\"\n";
			showEnvVarsInLog = 0;
		};
		E19F7661678AE6F0ADC26CD4 /* [CP] Embed Pods Frameworks */ = {
			isa = PBXShellScriptBuildPhase;
			buildActionMask = 2147483647;
			files = (
			);
			inputPaths = (
			);
			name = "[CP] Embed Pods Frameworks";
			outputPaths = (
			);
			runOnlyForDeploymentPostprocessing = 0;
			shellPath = /bin/sh;
			shellScript = "\"${SRCROOT}/Pods/Target Support Files/Pods-RxWunderCastTests/Pods-RxWunderCastTests-frameworks.sh\"\n";
			showEnvVarsInLog = 0;
		};
		EE494B3099BE7B1F22AA8B05 /* [CP] Check Pods Manifest.lock */ = {
			isa = PBXShellScriptBuildPhase;
			buildActionMask = 2147483647;
			files = (
			);
			inputPaths = (
			);
			name = "[CP] Check Pods Manifest.lock";
			outputPaths = (
			);
			runOnlyForDeploymentPostprocessing = 0;
			shellPath = /bin/sh;
			shellScript = "diff \"${PODS_PODFILE_DIR_PATH}/Podfile.lock\" \"${PODS_ROOT}/Manifest.lock\" > /dev/null\nif [ $? != 0 ] ; then\n    # print error to STDERR\n    echo \"error: The sandbox is not in sync with the Podfile.lock. Run 'pod install' or update your CocoaPods installation.\" >&2\n    exit 1\nfi\n";
			showEnvVarsInLog = 0;
		};
/* End PBXShellScriptBuildPhase section */

/* Begin PBXSourcesBuildPhase section */
		4999AF701EA28CC000DC0E27 /* Sources */ = {
			isa = PBXSourcesBuildPhase;
			buildActionMask = 2147483647;
			files = (
				4999AF7A1EA28CC000DC0E27 /* ViewController.swift in Sources */,
				4999AFA31EA2919A00DC0E27 /* Colors.swift in Sources */,
				4999AF781EA28CC000DC0E27 /* AppDelegate.swift in Sources */,
				4999AF9F1EA2916A00DC0E27 /* ApiController.swift in Sources */,
				4999AFA11EA2918900DC0E27 /* Appearance.swift in Sources */,
				4999AFA51EA2AB9100DC0E27 /* Constant.swift in Sources */,
			);
			runOnlyForDeploymentPostprocessing = 0;
		};
		4999AF841EA28CC000DC0E27 /* Sources */ = {
			isa = PBXSourcesBuildPhase;
			buildActionMask = 2147483647;
			files = (
				4999AF8D1EA28CC000DC0E27 /* RxWunderCastTests.swift in Sources */,
			);
			runOnlyForDeploymentPostprocessing = 0;
		};
/* End PBXSourcesBuildPhase section */

/* Begin PBXTargetDependency section */
		4999AF8A1EA28CC000DC0E27 /* PBXTargetDependency */ = {
			isa = PBXTargetDependency;
			target = 4999AF731EA28CC000DC0E27 /* RxWunderCast */;
			targetProxy = 4999AF891EA28CC000DC0E27 /* PBXContainerItemProxy */;
		};
/* End PBXTargetDependency section */

/* Begin PBXVariantGroup section */
		4999AF7B1EA28CC000DC0E27 /* Main.storyboard */ = {
			isa = PBXVariantGroup;
			children = (
				4999AF7C1EA28CC000DC0E27 /* Base */,
			);
			name = Main.storyboard;
			sourceTree = "<group>";
		};
		4999AF801EA28CC000DC0E27 /* LaunchScreen.storyboard */ = {
			isa = PBXVariantGroup;
			children = (
				4999AF811EA28CC000DC0E27 /* Base */,
			);
			name = LaunchScreen.storyboard;
			sourceTree = "<group>";
		};
/* End PBXVariantGroup section */

/* Begin XCBuildConfiguration section */
		4999AF8F1EA28CC000DC0E27 /* Debug */ = {
			isa = XCBuildConfiguration;
			baseConfigurationReference = 2E9FC8345AF73AB52A557684 /* Pods-RxWunderCast.debug.xcconfig */;
			buildSettings = {
				ALWAYS_SEARCH_USER_PATHS = NO;
				CLANG_ANALYZER_NONNULL = YES;
				CLANG_ANALYZER_NUMBER_OBJECT_CONVERSION = YES_AGGRESSIVE;
				CLANG_CXX_LANGUAGE_STANDARD = "gnu++0x";
				CLANG_CXX_LIBRARY = "libc++";
				CLANG_ENABLE_MODULES = YES;
				CLANG_ENABLE_OBJC_ARC = YES;
				CLANG_WARN_BOOL_CONVERSION = YES;
				CLANG_WARN_CONSTANT_CONVERSION = YES;
				CLANG_WARN_DIRECT_OBJC_ISA_USAGE = YES_ERROR;
				CLANG_WARN_DOCUMENTATION_COMMENTS = YES;
				CLANG_WARN_EMPTY_BODY = YES;
				CLANG_WARN_ENUM_CONVERSION = YES;
				CLANG_WARN_INFINITE_RECURSION = YES;
				CLANG_WARN_INT_CONVERSION = YES;
				CLANG_WARN_OBJC_ROOT_CLASS = YES_ERROR;
				CLANG_WARN_SUSPICIOUS_MOVE = YES;
				CLANG_WARN_UNREACHABLE_CODE = YES;
				CLANG_WARN__DUPLICATE_METHOD_MATCH = YES;
				"CODE_SIGN_IDENTITY[sdk=iphoneos*]" = "iPhone Developer";
				COPY_PHASE_STRIP = NO;
				DEBUG_INFORMATION_FORMAT = dwarf;
				ENABLE_STRICT_OBJC_MSGSEND = YES;
				ENABLE_TESTABILITY = YES;
				GCC_C_LANGUAGE_STANDARD = gnu99;
				GCC_DYNAMIC_NO_PIC = NO;
				GCC_NO_COMMON_BLOCKS = YES;
				GCC_OPTIMIZATION_LEVEL = 0;
				GCC_PREPROCESSOR_DEFINITIONS = (
					"DEBUG=1",
					"$(inherited)",
				);
				GCC_WARN_64_TO_32_BIT_CONVERSION = YES;
				GCC_WARN_ABOUT_RETURN_TYPE = YES_ERROR;
				GCC_WARN_UNDECLARED_SELECTOR = YES;
				GCC_WARN_UNINITIALIZED_AUTOS = YES_AGGRESSIVE;
				GCC_WARN_UNUSED_FUNCTION = YES;
				GCC_WARN_UNUSED_VARIABLE = YES;
				IPHONEOS_DEPLOYMENT_TARGET = 10.3;
				MTL_ENABLE_DEBUG_INFO = YES;
				ONLY_ACTIVE_ARCH = YES;
				SDKROOT = iphoneos;
				SWIFT_ACTIVE_COMPILATION_CONDITIONS = DEBUG;
				SWIFT_OPTIMIZATION_LEVEL = "-Onone";
			};
			name = Debug;
		};
		4999AF901EA28CC000DC0E27 /* Release */ = {
			isa = XCBuildConfiguration;
			buildSettings = {
				ALWAYS_SEARCH_USER_PATHS = NO;
				CLANG_ANALYZER_NONNULL = YES;
				CLANG_ANALYZER_NUMBER_OBJECT_CONVERSION = YES_AGGRESSIVE;
				CLANG_CXX_LANGUAGE_STANDARD = "gnu++0x";
				CLANG_CXX_LIBRARY = "libc++";
				CLANG_ENABLE_MODULES = YES;
				CLANG_ENABLE_OBJC_ARC = YES;
				CLANG_WARN_BOOL_CONVERSION = YES;
				CLANG_WARN_CONSTANT_CONVERSION = YES;
				CLANG_WARN_DIRECT_OBJC_ISA_USAGE = YES_ERROR;
				CLANG_WARN_DOCUMENTATION_COMMENTS = YES;
				CLANG_WARN_EMPTY_BODY = YES;
				CLANG_WARN_ENUM_CONVERSION = YES;
				CLANG_WARN_INFINITE_RECURSION = YES;
				CLANG_WARN_INT_CONVERSION = YES;
				CLANG_WARN_OBJC_ROOT_CLASS = YES_ERROR;
				CLANG_WARN_SUSPICIOUS_MOVE = YES;
				CLANG_WARN_UNREACHABLE_CODE = YES;
				CLANG_WARN__DUPLICATE_METHOD_MATCH = YES;
				"CODE_SIGN_IDENTITY[sdk=iphoneos*]" = "iPhone Developer";
				COPY_PHASE_STRIP = NO;
				DEBUG_INFORMATION_FORMAT = "dwarf-with-dsym";
				ENABLE_NS_ASSERTIONS = NO;
				ENABLE_STRICT_OBJC_MSGSEND = YES;
				GCC_C_LANGUAGE_STANDARD = gnu99;
				GCC_NO_COMMON_BLOCKS = YES;
				GCC_WARN_64_TO_32_BIT_CONVERSION = YES;
				GCC_WARN_ABOUT_RETURN_TYPE = YES_ERROR;
				GCC_WARN_UNDECLARED_SELECTOR = YES;
				GCC_WARN_UNINITIALIZED_AUTOS = YES_AGGRESSIVE;
				GCC_WARN_UNUSED_FUNCTION = YES;
				GCC_WARN_UNUSED_VARIABLE = YES;
				IPHONEOS_DEPLOYMENT_TARGET = 10.3;
				MTL_ENABLE_DEBUG_INFO = NO;
				SDKROOT = iphoneos;
				SWIFT_OPTIMIZATION_LEVEL = "-Owholemodule";
				VALIDATE_PRODUCT = YES;
			};
			name = Release;
		};
		4999AF921EA28CC000DC0E27 /* Debug */ = {
			isa = XCBuildConfiguration;
			baseConfigurationReference = 2E9FC8345AF73AB52A557684 /* Pods-RxWunderCast.debug.xcconfig */;
			buildSettings = {
				ASSETCATALOG_COMPILER_APPICON_NAME = AppIcon;
				DEVELOPMENT_TEAM = 8GL695U4E9;
				INFOPLIST_FILE = RxWunderCast/Info.plist;
				LD_RUNPATH_SEARCH_PATHS = "$(inherited) @executable_path/Frameworks";
				PRODUCT_BUNDLE_IDENTIFIER = "com.MievilleKampolJean-Marc.RxWunderCast";
				PRODUCT_NAME = "$(TARGET_NAME)";
				SWIFT_VERSION = 3.0;
			};
			name = Debug;
		};
		4999AF931EA28CC000DC0E27 /* Release */ = {
			isa = XCBuildConfiguration;
			baseConfigurationReference = 3128A819AD8677814605DA6A /* Pods-RxWunderCast.release.xcconfig */;
			buildSettings = {
				ASSETCATALOG_COMPILER_APPICON_NAME = AppIcon;
				DEVELOPMENT_TEAM = 8GL695U4E9;
				INFOPLIST_FILE = RxWunderCast/Info.plist;
				LD_RUNPATH_SEARCH_PATHS = "$(inherited) @executable_path/Frameworks";
				PRODUCT_BUNDLE_IDENTIFIER = "com.MievilleKampolJean-Marc.RxWunderCast";
				PRODUCT_NAME = "$(TARGET_NAME)";
				SWIFT_VERSION = 3.0;
			};
			name = Release;
		};
		4999AF951EA28CC000DC0E27 /* Debug */ = {
			isa = XCBuildConfiguration;
			baseConfigurationReference = 65FE91984DC8DCC90646E7DC /* Pods-RxWunderCastTests.debug.xcconfig */;
			buildSettings = {
				ALWAYS_EMBED_SWIFT_STANDARD_LIBRARIES = YES;
				BUNDLE_LOADER = "$(TEST_HOST)";
				DEVELOPMENT_TEAM = 8GL695U4E9;
				INFOPLIST_FILE = RxWunderCastTests/Info.plist;
				LD_RUNPATH_SEARCH_PATHS = "$(inherited) @executable_path/Frameworks @loader_path/Frameworks";
				PRODUCT_BUNDLE_IDENTIFIER = "com.MievilleKampolJean-Marc.RxWunderCastTests";
				PRODUCT_NAME = "$(TARGET_NAME)";
				SWIFT_VERSION = 3.0;
				TEST_HOST = "$(BUILT_PRODUCTS_DIR)/RxWunderCast.app/RxWunderCast";
			};
			name = Debug;
		};
		4999AF961EA28CC000DC0E27 /* Release */ = {
			isa = XCBuildConfiguration;
			baseConfigurationReference = 7F19C8ED6A36636CC8FDD589 /* Pods-RxWunderCastTests.release.xcconfig */;
			buildSettings = {
				ALWAYS_EMBED_SWIFT_STANDARD_LIBRARIES = YES;
				BUNDLE_LOADER = "$(TEST_HOST)";
				DEVELOPMENT_TEAM = 8GL695U4E9;
				INFOPLIST_FILE = RxWunderCastTests/Info.plist;
				LD_RUNPATH_SEARCH_PATHS = "$(inherited) @executable_path/Frameworks @loader_path/Frameworks";
				PRODUCT_BUNDLE_IDENTIFIER = "com.MievilleKampolJean-Marc.RxWunderCastTests";
				PRODUCT_NAME = "$(TARGET_NAME)";
				SWIFT_VERSION = 3.0;
				TEST_HOST = "$(BUILT_PRODUCTS_DIR)/RxWunderCast.app/RxWunderCast";
			};
			name = Release;
		};
/* End XCBuildConfiguration section */

/* Begin XCConfigurationList section */
		4999AF6F1EA28CC000DC0E27 /* Build configuration list for PBXProject "RxWunderCast" */ = {
			isa = XCConfigurationList;
			buildConfigurations = (
				4999AF8F1EA28CC000DC0E27 /* Debug */,
				4999AF901EA28CC000DC0E27 /* Release */,
			);
			defaultConfigurationIsVisible = 0;
			defaultConfigurationName = Release;
		};
		4999AF911EA28CC000DC0E27 /* Build configuration list for PBXNativeTarget "RxWunderCast" */ = {
			isa = XCConfigurationList;
			buildConfigurations = (
				4999AF921EA28CC000DC0E27 /* Debug */,
				4999AF931EA28CC000DC0E27 /* Release */,
			);
			defaultConfigurationIsVisible = 0;
			defaultConfigurationName = Release;
		};
		4999AF941EA28CC000DC0E27 /* Build configuration list for PBXNativeTarget "RxWunderCastTests" */ = {
			isa = XCConfigurationList;
			buildConfigurations = (
				4999AF951EA28CC000DC0E27 /* Debug */,
				4999AF961EA28CC000DC0E27 /* Release */,
			);
			defaultConfigurationIsVisible = 0;
			defaultConfigurationName = Release;
		};
/* End XCConfigurationList section */
	};
	rootObject = 4999AF6C1EA28CC000DC0E27 /* Project object */;
}
